
Microsoft Visual Studio Solution File, Format Version 12.00
# Visual Studio Version 16
VisualStudioVersion = 16.0.31729.503
MinimumVisualStudioVersion = 10.0.40219.1
Project("{8BC9CEB8-8B4A-11D0-8D11-00A0C91BC942}") = "2048", "2048\2048.vcxproj", "{59DAC071-2445-444A-B566-5E2916649FED}"
EndProject
Global
	GlobalSection(SolutionConfigurationPlatforms) = preSolution
		Debug|x64 = Debug|x64
		Debug|x86 = Debug|x86
		Release|x64 = Release|x64
		Release|x86 = Release|x86
	EndGlobalSection
	GlobalSection(ProjectConfigurationPlatforms) = postSolution
		{59DAC071-2445-444A-B566-5E2916649FED}.Debug|x64.ActiveCfg = Debug|x64
		{59DAC071-2445-444A-B566-5E2916649FED}.Debug|x64.Build.0 = Debug|x64
		{59DAC071-2445-444A-B566-5E2916649FED}.Debug|x86.ActiveCfg = Debug|Win32
		{59DAC071-2445-444A-B566-5E2916649FED}.Debug|x86.Build.0 = Debug|Win32
		{59DAC071-2445-444A-B566-5E2916649FED}.Release|x64.ActiveCfg = Release|x64
		{59DAC071-2445-444A-B566-5E2916649FED}.Release|x64.Build.0 = Release|x64
		{59DAC071-2445-444A-B566-5E2916649FED}.Release|x86.ActiveCfg = Release|Win32
		{59DAC071-2445-444A-B566-5E2916649FED}.Release|x86.Build.0 = Release|Win32
	EndGlobalSection
	GlobalSection(SolutionProperties) = preSolution
		HideSolutionNode = FALSE
	EndGlobalSection
	GlobalSection(ExtensibilityGlobals) = postSolution
		SolutionGuid = {C3E657A7-FBBE-495B-ADF7-6BCD0CD308DA}
	EndGlobalSection
EndGlobal
